{
  "name": "my-prisma-project",
  "version": "1.0.0",
  "lockfileVersion": 2,
  "requires": true,
  "packages": {
    "": {
      "name": "my-prisma-project",
      "version": "1.0.0",
      "license": "ISC",
      "dependencies": {
        "@prisma/client": "^3.2.0"
      },
      "devDependencies": {
        "prisma": "^3.2.0"
      }
    },
    "node_modules/@prisma/client": {
      "version": "3.2.0",
      "resolved": "https://registry.npmjs.org/@prisma/client/-/client-3.2.0.tgz",
      "integrity": "sha512-YCS/N3DZWoaKXhyS8dHwgUvT/NKXvlLbB5fsy0FvYC305JgNtMLjNbxsx0HjIcNw82MEhP7zWEXNvOLpOgGCUg==",
      "hasInstallScript": true,
      "dependencies": {
        "@prisma/engines-version": "3.2.0-34.afdab2f10860244038c4e32458134112852d4dad"
      },
      "engines": {
        "node": ">=12.6"
      },
      "peerDependencies": {
        "prisma": "*"
      },
      "peerDependenciesMeta": {
        "prisma": {
          "optional": true
        }
      }
    },
    "node_modules/@prisma/engines": {
      "version": "3.2.0-34.afdab2f10860244038c4e32458134112852d4dad",
      "resolved": "https://registry.npmjs.org/@prisma/engines/-/engines-3.2.0-34.afdab2f10860244038c4e32458134112852d4dad.tgz",
      "integrity": "sha512-MiZORXXsGORXTF9RqqKIlN/2ohkaxAWTsS7qxDJTy5ThTYLrXSmzxTSohM4qN/AI616B+o5WV7XTBhjlPKSufg==",
      "devOptional": true,
      "hasInstallScript": true
    },
    "node_modules/@prisma/engines-version": {
      "version": "3.2.0-34.afdab2f10860244038c4e32458134112852d4dad",
      "resolved": "https://registry.npmjs.org/@prisma/engines-version/-/engines-version-3.2.0-34.afdab2f10860244038c4e32458134112852d4dad.tgz",
      "integrity": "sha512-zYzFOmFvk5YzShqm6DuK7ULtjbJQpebAeD3gcpPfPjx6Uf9pug3bxeswp8/3sk2KKVUeKPUQg5p3TZLskyBNjA=="
    },
    "node_modules/prisma": {
      "version": "3.2.0",
      "resolved": "https://registry.npmjs.org/prisma/-/prisma-3.2.0.tgz",
      "integrity": "sha512-o8+DH0RD5DbP8QTZej2dsY64yvjOwOG3TWOlJyoCHQ+8DH9m4tzxo38j6IF/PqpN4PmAGPpHuNi/nssG1cvYlQ==",
      "devOptional": true,
      "hasInstallScript": true,
      "dependencies": {
        "@prisma/engines": "3.2.0-34.afdab2f10860244038c4e32458134112852d4dad"
      },
      "bin": {
        "prisma": "build/index.js",
        "prisma2": "build/index.js"
      },
      "engines": {
        "node": ">=12.6"
      }
    }
  },
  "dependencies": {
    "@prisma/client": {
      "version": "3.2.0",
      "resolved": "https://registry.npmjs.org/@prisma/client/-/client-3.2.0.tgz",
      "integrity": "sha512-YCS/N3DZWoaKXhyS8dHwgUvT/NKXvlLbB5fsy0FvYC305JgNtMLjNbxsx0HjIcNw82MEhP7zWEXNvOLpOgGCUg==",
      "requires": {
        "@prisma/engines-version": "3.2.0-34.afdab2f10860244038c4e32458134112852d4dad"
      }
    },
    "@prisma/engines": {
      "version": "3.2.0-34.afdab2f10860244038c4e32458134112852d4dad",
      "resolved": "https://registry.npmjs.org/@prisma/engines/-/engines-3.2.0-34.afdab2f10860244038c4e32458134112852d4dad.tgz",
      "integrity": "sha512-MiZORXXsGORXTF9RqqKIlN/2ohkaxAWTsS7qxDJTy5ThTYLrXSmzxTSohM4qN/AI616B+o5WV7XTBhjlPKSufg==",
      "devOptional": true
    },
    "@prisma/engines-version": {
      "version": "3.2.0-34.afdab2f10860244038c4e32458134112852d4dad",
      "resolved": "https://registry.npmjs.org/@prisma/engines-version/-/engines-version-3.2.0-34.afdab2f10860244038c4e32458134112852d4dad.tgz",
      "integrity": "sha512-zYzFOmFvk5YzShqm6DuK7ULtjbJQpebAeD3gcpPfPjx6Uf9pug3bxeswp8/3sk2KKVUeKPUQg5p3TZLskyBNjA=="
    },
    "prisma": {
      "version": "3.2.0",
      "resolved": "https://registry.npmjs.org/prisma/-/prisma-3.2.0.tgz",
      "integrity": "sha512-o8+DH0RD5DbP8QTZej2dsY64yvjOwOG3TWOlJyoCHQ+8DH9m4tzxo38j6IF/PqpN4PmAGPpHuNi/nssG1cvYlQ==",
      "devOptional": true,
      "requires": {
        "@prisma/engines": "3.2.0-34.afdab2f10860244038c4e32458134112852d4dad"
      }
    }
  }
}
